{
  "name": "portfolio-site",
  "version": "1.0.0",
  "lockfileVersion": 1,
  "requires": true,
  "dependencies": {
    "feather-icons": {
      "version": "3.3.0",
      "resolved": "https://registry.npmjs.org/feather-icons/-/feather-icons-3.3.0.tgz",
      "integrity": "sha1-UQ0bN82ZRj8kOfx8ZzV3uDmKwvI="
    }
  }
}
